
Microsoft Visual Studio Solution File, Format Version 12.00
# Visual Studio Version 17
VisualStudioVersion = 17.0.31903.59
MinimumVisualStudioVersion = 10.0.40219.1
Project("{FAE04EC0-301F-11D3-BF4B-00C04F79EFBC}") = "Domain", "Domain\Domain.csproj", "{7C4B96C3-5432-408E-AF97-1412C3DF6007}"
EndProject
Project("{FAE04EC0-301F-11D3-BF4B-00C04F79EFBC}") = "Infratructure", "Infratructure\Infratructure.csproj", "{34F01382-BA25-4EF7-A906-9925682A0E80}"
EndProject
Project("{FAE04EC0-301F-11D3-BF4B-00C04F79EFBC}") = "WebApp", "WebApp\WebApp.csproj", "{A0BD59BF-C110-4E2A-A77D-61230696E249}"
EndProject
Global
	GlobalSection(SolutionConfigurationPlatforms) = preSolution
		Debug|Any CPU = Debug|Any CPU
		Release|Any CPU = Release|Any CPU
	EndGlobalSection
	GlobalSection(SolutionProperties) = preSolution
		HideSolutionNode = FALSE
	EndGlobalSection
	GlobalSection(ProjectConfigurationPlatforms) = postSolution
		{7C4B96C3-5432-408E-AF97-1412C3DF6007}.Debug|Any CPU.ActiveCfg = Debug|Any CPU
		{7C4B96C3-5432-408E-AF97-1412C3DF6007}.Debug|Any CPU.Build.0 = Debug|Any CPU
		{7C4B96C3-5432-408E-AF97-1412C3DF6007}.Release|Any CPU.ActiveCfg = Release|Any CPU
		{7C4B96C3-5432-408E-AF97-1412C3DF6007}.Release|Any CPU.Build.0 = Release|Any CPU
		{34F01382-BA25-4EF7-A906-9925682A0E80}.Debug|Any CPU.ActiveCfg = Debug|Any CPU
		{34F01382-BA25-4EF7-A906-9925682A0E80}.Debug|Any CPU.Build.0 = Debug|Any CPU
		{34F01382-BA25-4EF7-A906-9925682A0E80}.Release|Any CPU.ActiveCfg = Release|Any CPU
		{34F01382-BA25-4EF7-A906-9925682A0E80}.Release|Any CPU.Build.0 = Release|Any CPU
		{A0BD59BF-C110-4E2A-A77D-61230696E249}.Debug|Any CPU.ActiveCfg = Debug|Any CPU
		{A0BD59BF-C110-4E2A-A77D-61230696E249}.Debug|Any CPU.Build.0 = Debug|Any CPU
		{A0BD59BF-C110-4E2A-A77D-61230696E249}.Release|Any CPU.ActiveCfg = Release|Any CPU
		{A0BD59BF-C110-4E2A-A77D-61230696E249}.Release|Any CPU.Build.0 = Release|Any CPU
	EndGlobalSection
EndGlobal
